// !$*UTF8*$!
{
	archiveVersion = 1;
	classes = {
	};
	objectVersion = 51;
	objects = {

/* Begin PBXBuildFile section */
		0792401C024B413BEBD7F5E7 /* Pods_ThreeeTests.framework in Frameworks */ = {isa = PBXBuildFile; fileRef = 3FA9CAACA5A363803A3FC02E /* Pods_ThreeeTests.framework */; };
		2B1A2DCC22C5BB260049093A /* UserTests.swift in Sources */ = {isa = PBXBuildFile; fileRef = 2B1A2DCB22C5BB260049093A /* UserTests.swift */; };
		2B1A2DCE22C5BD070049093A /* DayTests.swift in Sources */ = {isa = PBXBuildFile; fileRef = 2B1A2DCD22C5BD070049093A /* DayTests.swift */; };
		2B1A2DD022C5C1520049093A /* ItemTests.swift in Sources */ = {isa = PBXBuildFile; fileRef = 2B1A2DCF22C5C1520049093A /* ItemTests.swift */; };
		2B1A2DD322C6B4110049093A /* AuthError.swift in Sources */ = {isa = PBXBuildFile; fileRef = 2B1A2DD222C6B4110049093A /* AuthError.swift */; };
		2B1A2DD722C6B56A0049093A /* SignUpViewController.swift in Sources */ = {isa = PBXBuildFile; fileRef = 2B1A2DD622C6B56A0049093A /* SignUpViewController.swift */; };
		2B1A2DD922C6B5900049093A /* SignUpViewModel.swift in Sources */ = {isa = PBXBuildFile; fileRef = 2B1A2DD822C6B5900049093A /* SignUpViewModel.swift */; };
		2B1A2DDB22C6B6160049093A /* AuthPresenter.swift in Sources */ = {isa = PBXBuildFile; fileRef = 2B1A2DDA22C6B6160049093A /* AuthPresenter.swift */; };
		2B1A2DDD22C6BADC0049093A /* AuthSucess.swift in Sources */ = {isa = PBXBuildFile; fileRef = 2B1A2DDC22C6BADC0049093A /* AuthSucess.swift */; };
		2B1A2DFD22C6C3DB0049093A /* AuthGateway.swift in Sources */ = {isa = PBXBuildFile; fileRef = 2B1A2DFC22C6C3DB0049093A /* AuthGateway.swift */; };
		2B42755022E0C1A500CC28A5 /* SignInViewController.swift in Sources */ = {isa = PBXBuildFile; fileRef = 2B42754F22E0C1A500CC28A5 /* SignInViewController.swift */; };
		2B42755222E0C1B900CC28A5 /* SignInViewModel.swift in Sources */ = {isa = PBXBuildFile; fileRef = 2B42755122E0C1B900CC28A5 /* SignInViewModel.swift */; };
		2B42755522E1148C00CC28A5 /* AlertModalViewController.swift in Sources */ = {isa = PBXBuildFile; fileRef = 2B42755422E1148C00CC28A5 /* AlertModalViewController.swift */; };
		2B50F6FD22C6D2F90048262C /* DatabaseGateway.swift in Sources */ = {isa = PBXBuildFile; fileRef = 2B50F6FC22C6D2F90048262C /* DatabaseGateway.swift */; };
		2B50F6FF22C6D7E80048262C /* DatabasePresenter.swift in Sources */ = {isa = PBXBuildFile; fileRef = 2B50F6FE22C6D7E80048262C /* DatabasePresenter.swift */; };
		2B50F70222C6D8BB0048262C /* DatabaseUseCase.swift in Sources */ = {isa = PBXBuildFile; fileRef = 2B50F70122C6D8BB0048262C /* DatabaseUseCase.swift */; };
		2B50F70422C6DA600048262C /* FirebaseCoordinator.swift in Sources */ = {isa = PBXBuildFile; fileRef = 2B50F70322C6DA600048262C /* FirebaseCoordinator.swift */; };
		2B50F70622C6DB570048262C /* HomeViewModelDelegate.swift in Sources */ = {isa = PBXBuildFile; fileRef = 2B50F70522C6DB570048262C /* HomeViewModelDelegate.swift */; };
		2B50F70922C6DDFF0048262C /* AuthUseCase.swift in Sources */ = {isa = PBXBuildFile; fileRef = 2B50F70822C6DDFF0048262C /* AuthUseCase.swift */; };
		2B5FD45322C94B4D00D2EDF0 /* PageTitleLabelView.swift in Sources */ = {isa = PBXBuildFile; fileRef = 2B5FD45222C94B4D00D2EDF0 /* PageTitleLabelView.swift */; };
		2B5FD45822C94D5200D2EDF0 /* DottedGridView.swift in Sources */ = {isa = PBXBuildFile; fileRef = 2B5FD45722C94D5200D2EDF0 /* DottedGridView.swift */; };
		2B5FD45B22C94DA000D2EDF0 /* UIColor.swift in Sources */ = {isa = PBXBuildFile; fileRef = 2B5FD45A22C94DA000D2EDF0 /* UIColor.swift */; };
		2B5FD45E22C9596400D2EDF0 /* UIFont.swift in Sources */ = {isa = PBXBuildFile; fileRef = 2B5FD45D22C9596400D2EDF0 /* UIFont.swift */; };
		2B5FD46022C959BA00D2EDF0 /* Mali-Bold.ttf in Resources */ = {isa = PBXBuildFile; fileRef = 2B5FD45F22C959BA00D2EDF0 /* Mali-Bold.ttf */; };
		2B5FD46422C959C700D2EDF0 /* Mali-Regular.ttf in Resources */ = {isa = PBXBuildFile; fileRef = 2B5FD46122C959C700D2EDF0 /* Mali-Regular.ttf */; };
		2B5FD46522C959C700D2EDF0 /* Mali-SemiBold.ttf in Resources */ = {isa = PBXBuildFile; fileRef = 2B5FD46222C959C700D2EDF0 /* Mali-SemiBold.ttf */; };
		2B5FD46622C959C700D2EDF0 /* Mali-Medium.ttf in Resources */ = {isa = PBXBuildFile; fileRef = 2B5FD46322C959C700D2EDF0 /* Mali-Medium.ttf */; };
		2B5FD46922CA275300D2EDF0 /* ItemFieldView.swift in Sources */ = {isa = PBXBuildFile; fileRef = 2B5FD46822CA275300D2EDF0 /* ItemFieldView.swift */; };
		2B5FD46C22CA287500D2EDF0 /* UnderlineView.swift in Sources */ = {isa = PBXBuildFile; fileRef = 2B5FD46B22CA287500D2EDF0 /* UnderlineView.swift */; };
		2B6FC0EA22E22284007E9C41 /* PageViewController.swift in Sources */ = {isa = PBXBuildFile; fileRef = 2B6FC0E922E22284007E9C41 /* PageViewController.swift */; };
		2B8553FF22C59C91005F41F5 /* AuthGatewayFirebase.swift in Sources */ = {isa = PBXBuildFile; fileRef = 2B8553FE22C59C91005F41F5 /* AuthGatewayFirebase.swift */; };
		2B94B10122C58154007C22DF /* DatabaseGatewayFirebase.swift in Sources */ = {isa = PBXBuildFile; fileRef = 2B94B10022C58154007C22DF /* DatabaseGatewayFirebase.swift */; };
		2B9ADB6C22E12885009A3223 /* ModalPushTransition.swift in Sources */ = {isa = PBXBuildFile; fileRef = 2B9ADB6B22E12885009A3223 /* ModalPushTransition.swift */; };
		2B9ADB6E22E12A76009A3223 /* ModalPopTransition.swift in Sources */ = {isa = PBXBuildFile; fileRef = 2B9ADB6D22E12A76009A3223 /* ModalPopTransition.swift */; };
		2BA9283223117A7500FCE72C /* UILabel.swift in Sources */ = {isa = PBXBuildFile; fileRef = 2BA9283123117A7500FCE72C /* UILabel.swift */; };
		2BA9283523117A9F00FCE72C /* MatrixViewController.swift in Sources */ = {isa = PBXBuildFile; fileRef = 2BA9283423117A9F00FCE72C /* MatrixViewController.swift */; };
		2BA9283723117D2800FCE72C /* JSMatrixCodeRainView.swift in Sources */ = {isa = PBXBuildFile; fileRef = 2BA9283623117D2800FCE72C /* JSMatrixCodeRainView.swift */; };
		2BA9283923117F3F00FCE72C /* matrixcode.ttf in Resources */ = {isa = PBXBuildFile; fileRef = 2BA9283823117F3F00FCE72C /* matrixcode.ttf */; };
		2BA9283C231189AA00FCE72C /* VideoViewController.swift in Sources */ = {isa = PBXBuildFile; fileRef = 2BA9283B231189AA00FCE72C /* VideoViewController.swift */; };
		2BA9283E23118A4D00FCE72C /* CustomCurlTransition.swift in Sources */ = {isa = PBXBuildFile; fileRef = 2BA9283D23118A4D00FCE72C /* CustomCurlTransition.swift */; };
		2BABA12E22D916720057C156 /* CustomTextFieldView.swift in Sources */ = {isa = PBXBuildFile; fileRef = 2BABA12D22D916720057C156 /* CustomTextFieldView.swift */; };
		2BB81AD922D3EF8300F9F624 /* UITableViewSeparatorCell.swift in Sources */ = {isa = PBXBuildFile; fileRef = 2BB81AD822D3EF8300F9F624 /* UITableViewSeparatorCell.swift */; };
		2BB81ADF22D4CCDD00F9F624 /* ItemFieldViewDelegate.swift in Sources */ = {isa = PBXBuildFile; fileRef = 2BB81ADE22D4CCDD00F9F624 /* ItemFieldViewDelegate.swift */; };
		2BC8F6D822D52037005B6D64 /* InputModalViewDelegate.swift in Sources */ = {isa = PBXBuildFile; fileRef = 2BC8F6D722D52037005B6D64 /* InputModalViewDelegate.swift */; };
		2BCDF06D22D5148F0059C6F4 /* InputModalViewController.swift in Sources */ = {isa = PBXBuildFile; fileRef = 2BCDF06C22D5148F0059C6F4 /* InputModalViewController.swift */; };
		2BF038E82315A06B00C98324 /* INVASION2000.TTF in Resources */ = {isa = PBXBuildFile; fileRef = 2BF038E72315A06B00C98324 /* INVASION2000.TTF */; };
		2BF8E1FA22C56ABB004D3C2E /* AppDelegate.swift in Sources */ = {isa = PBXBuildFile; fileRef = 2BF8E1F922C56ABB004D3C2E /* AppDelegate.swift */; };
		2BF8E1FC22C56ABB004D3C2E /* HomeViewController.swift in Sources */ = {isa = PBXBuildFile; fileRef = 2BF8E1FB22C56ABB004D3C2E /* HomeViewController.swift */; };
		2BF8E20122C56ABD004D3C2E /* Assets.xcassets in Resources */ = {isa = PBXBuildFile; fileRef = 2BF8E20022C56ABD004D3C2E /* Assets.xcassets */; };
		2BF8E20422C56ABD004D3C2E /* LaunchScreen.storyboard in Resources */ = {isa = PBXBuildFile; fileRef = 2BF8E20222C56ABD004D3C2E /* LaunchScreen.storyboard */; };
		2BF8E20F22C56ABD004D3C2E /* ThreeeTests.swift in Sources */ = {isa = PBXBuildFile; fileRef = 2BF8E20E22C56ABD004D3C2E /* ThreeeTests.swift */; };
		2BF8E21A22C56ABD004D3C2E /* ThreeeUITests.swift in Sources */ = {isa = PBXBuildFile; fileRef = 2BF8E21922C56ABD004D3C2E /* ThreeeUITests.swift */; };
		2BF8E22A22C56C1E004D3C2E /* HomeViewModel.swift in Sources */ = {isa = PBXBuildFile; fileRef = 2BF8E22922C56C1E004D3C2E /* HomeViewModel.swift */; };
		2BF8E22D22C56CEF004D3C2E /* User.swift in Sources */ = {isa = PBXBuildFile; fileRef = 2BF8E22C22C56CEF004D3C2E /* User.swift */; };
		2BF8E22F22C56D13004D3C2E /* Day.swift in Sources */ = {isa = PBXBuildFile; fileRef = 2BF8E22E22C56D13004D3C2E /* Day.swift */; };
		2BF8E23122C574C2004D3C2E /* Item.swift in Sources */ = {isa = PBXBuildFile; fileRef = 2BF8E23022C574C2004D3C2E /* Item.swift */; };
		2BF8E23322C57D22004D3C2E /* GoogleService-Info.plist in Resources */ = {isa = PBXBuildFile; fileRef = 2BF8E23222C57D22004D3C2E /* GoogleService-Info.plist */; };
		5260E8ED8D32C25B478120A6 /* Pods_Threee.framework in Frameworks */ = {isa = PBXBuildFile; fileRef = D2BFFD40A381F5CA89FC14CA /* Pods_Threee.framework */; };
		9AF1768385197467A80C1AC0 /* Pods_ThreeeUITests.framework in Frameworks */ = {isa = PBXBuildFile; fileRef = A306951FC686F804A0392DD8 /* Pods_ThreeeUITests.framework */; };
/* End PBXBuildFile section */

/* Begin PBXContainerItemProxy section */
		2BF8E20B22C56ABD004D3C2E /* PBXContainerItemProxy */ = {
			isa = PBXContainerItemProxy;
			containerPortal = 2BF8E1EE22C56ABB004D3C2E /* Project object */;
			proxyType = 1;
			remoteGlobalIDString = 2BF8E1F522C56ABB004D3C2E;
			remoteInfo = Threee;
		};
		2BF8E21622C56ABD004D3C2E /* PBXContainerItemProxy */ = {
			isa = PBXContainerItemProxy;
			containerPortal = 2BF8E1EE22C56ABB004D3C2E /* Project object */;
			proxyType = 1;
			remoteGlobalIDString = 2BF8E1F522C56ABB004D3C2E;
			remoteInfo = Threee;
		};
/* End PBXContainerItemProxy section */

/* Begin PBXFileReference section */
		1B27DC82C5926521508C2E46 /* Pods-ThreeeUITests.release.xcconfig */ = {isa = PBXFileReference; includeInIndex = 1; lastKnownFileType = text.xcconfig; name = "Pods-ThreeeUITests.release.xcconfig"; path = "Target Support Files/Pods-ThreeeUITests/Pods-ThreeeUITests.release.xcconfig"; sourceTree = "<group>"; };
		2B1A2DCB22C5BB260049093A /* UserTests.swift */ = {isa = PBXFileReference; lastKnownFileType = sourcecode.swift; path = UserTests.swift; sourceTree = "<group>"; };
		2B1A2DCD22C5BD070049093A /* DayTests.swift */ = {isa = PBXFileReference; lastKnownFileType = sourcecode.swift; path = DayTests.swift; sourceTree = "<group>"; };
		2B1A2DCF22C5C1520049093A /* ItemTests.swift */ = {isa = PBXFileReference; lastKnownFileType = sourcecode.swift; path = ItemTests.swift; sourceTree = "<group>"; };
		2B1A2DD222C6B4110049093A /* AuthError.swift */ = {isa = PBXFileReference; lastKnownFileType = sourcecode.swift; path = AuthError.swift; sourceTree = "<group>"; };
		2B1A2DD622C6B56A0049093A /* SignUpViewController.swift */ = {isa = PBXFileReference; lastKnownFileType = sourcecode.swift; path = SignUpViewController.swift; sourceTree = "<group>"; };
		2B1A2DD822C6B5900049093A /* SignUpViewModel.swift */ = {isa = PBXFileReference; lastKnownFileType = sourcecode.swift; path = SignUpViewModel.swift; sourceTree = "<group>"; };
		2B1A2DDA22C6B6160049093A /* AuthPresenter.swift */ = {isa = PBXFileReference; lastKnownFileType = sourcecode.swift; path = AuthPresenter.swift; sourceTree = "<group>"; };
		2B1A2DDC22C6BADC0049093A /* AuthSucess.swift */ = {isa = PBXFileReference; lastKnownFileType = sourcecode.swift; path = AuthSucess.swift; sourceTree = "<group>"; };
		2B1A2DFC22C6C3DB0049093A /* AuthGateway.swift */ = {isa = PBXFileReference; lastKnownFileType = sourcecode.swift; path = AuthGateway.swift; sourceTree = "<group>"; };
		2B42754F22E0C1A500CC28A5 /* SignInViewController.swift */ = {isa = PBXFileReference; lastKnownFileType = sourcecode.swift; path = SignInViewController.swift; sourceTree = "<group>"; };
		2B42755122E0C1B900CC28A5 /* SignInViewModel.swift */ = {isa = PBXFileReference; lastKnownFileType = sourcecode.swift; path = SignInViewModel.swift; sourceTree = "<group>"; };
		2B42755422E1148C00CC28A5 /* AlertModalViewController.swift */ = {isa = PBXFileReference; lastKnownFileType = sourcecode.swift; path = AlertModalViewController.swift; sourceTree = "<group>"; };
		2B50F6FC22C6D2F90048262C /* DatabaseGateway.swift */ = {isa = PBXFileReference; lastKnownFileType = sourcecode.swift; path = DatabaseGateway.swift; sourceTree = "<group>"; };
		2B50F6FE22C6D7E80048262C /* DatabasePresenter.swift */ = {isa = PBXFileReference; lastKnownFileType = sourcecode.swift; path = DatabasePresenter.swift; sourceTree = "<group>"; };
		2B50F70122C6D8BB0048262C /* DatabaseUseCase.swift */ = {isa = PBXFileReference; lastKnownFileType = sourcecode.swift; path = DatabaseUseCase.swift; sourceTree = "<group>"; };
		2B50F70322C6DA600048262C /* FirebaseCoordinator.swift */ = {isa = PBXFileReference; lastKnownFileType = sourcecode.swift; path = FirebaseCoordinator.swift; sourceTree = "<group>"; };
		2B50F70522C6DB570048262C /* HomeViewModelDelegate.swift */ = {isa = PBXFileReference; lastKnownFileType = sourcecode.swift; path = HomeViewModelDelegate.swift; sourceTree = "<group>"; };
		2B50F70822C6DDFF0048262C /* AuthUseCase.swift */ = {isa = PBXFileReference; lastKnownFileType = sourcecode.swift; path = AuthUseCase.swift; sourceTree = "<group>"; };
		2B5FD45222C94B4D00D2EDF0 /* PageTitleLabelView.swift */ = {isa = PBXFileReference; lastKnownFileType = sourcecode.swift; path = PageTitleLabelView.swift; sourceTree = "<group>"; };
		2B5FD45722C94D5200D2EDF0 /* DottedGridView.swift */ = {isa = PBXFileReference; lastKnownFileType = sourcecode.swift; path = DottedGridView.swift; sourceTree = "<group>"; };
		2B5FD45A22C94DA000D2EDF0 /* UIColor.swift */ = {isa = PBXFileReference; lastKnownFileType = sourcecode.swift; path = UIColor.swift; sourceTree = "<group>"; };
		2B5FD45D22C9596400D2EDF0 /* UIFont.swift */ = {isa = PBXFileReference; lastKnownFileType = sourcecode.swift; path = UIFont.swift; sourceTree = "<group>"; };
		2B5FD45F22C959BA00D2EDF0 /* Mali-Bold.ttf */ = {isa = PBXFileReference; lastKnownFileType = file; path = "Mali-Bold.ttf"; sourceTree = "<group>"; };
		2B5FD46122C959C700D2EDF0 /* Mali-Regular.ttf */ = {isa = PBXFileReference; lastKnownFileType = file; path = "Mali-Regular.ttf"; sourceTree = "<group>"; };
		2B5FD46222C959C700D2EDF0 /* Mali-SemiBold.ttf */ = {isa = PBXFileReference; lastKnownFileType = file; path = "Mali-SemiBold.ttf"; sourceTree = "<group>"; };
		2B5FD46322C959C700D2EDF0 /* Mali-Medium.ttf */ = {isa = PBXFileReference; lastKnownFileType = file; path = "Mali-Medium.ttf"; sourceTree = "<group>"; };
		2B5FD46822CA275300D2EDF0 /* ItemFieldView.swift */ = {isa = PBXFileReference; lastKnownFileType = sourcecode.swift; path = ItemFieldView.swift; sourceTree = "<group>"; };
		2B5FD46B22CA287500D2EDF0 /* UnderlineView.swift */ = {isa = PBXFileReference; lastKnownFileType = sourcecode.swift; path = UnderlineView.swift; sourceTree = "<group>"; };
		2B6FC0E922E22284007E9C41 /* PageViewController.swift */ = {isa = PBXFileReference; lastKnownFileType = sourcecode.swift; path = PageViewController.swift; sourceTree = "<group>"; };
		2B8553FE22C59C91005F41F5 /* AuthGatewayFirebase.swift */ = {isa = PBXFileReference; lastKnownFileType = sourcecode.swift; path = AuthGatewayFirebase.swift; sourceTree = "<group>"; };
		2B94B10022C58154007C22DF /* DatabaseGatewayFirebase.swift */ = {isa = PBXFileReference; lastKnownFileType = sourcecode.swift; path = DatabaseGatewayFirebase.swift; sourceTree = "<group>"; };
		2B9ADB6B22E12885009A3223 /* ModalPushTransition.swift */ = {isa = PBXFileReference; lastKnownFileType = sourcecode.swift; path = ModalPushTransition.swift; sourceTree = "<group>"; };
		2B9ADB6D22E12A76009A3223 /* ModalPopTransition.swift */ = {isa = PBXFileReference; lastKnownFileType = sourcecode.swift; path = ModalPopTransition.swift; sourceTree = "<group>"; };
		2BA9283123117A7500FCE72C /* UILabel.swift */ = {isa = PBXFileReference; lastKnownFileType = sourcecode.swift; path = UILabel.swift; sourceTree = "<group>"; };
		2BA9283423117A9F00FCE72C /* MatrixViewController.swift */ = {isa = PBXFileReference; lastKnownFileType = sourcecode.swift; path = MatrixViewController.swift; sourceTree = "<group>"; };
		2BA9283623117D2800FCE72C /* JSMatrixCodeRainView.swift */ = {isa = PBXFileReference; lastKnownFileType = sourcecode.swift; path = JSMatrixCodeRainView.swift; sourceTree = "<group>"; };
		2BA9283823117F3F00FCE72C /* matrixcode.ttf */ = {isa = PBXFileReference; lastKnownFileType = file; path = matrixcode.ttf; sourceTree = "<group>"; };
		2BA9283B231189AA00FCE72C /* VideoViewController.swift */ = {isa = PBXFileReference; lastKnownFileType = sourcecode.swift; path = VideoViewController.swift; sourceTree = "<group>"; };
		2BA9283D23118A4D00FCE72C /* CustomCurlTransition.swift */ = {isa = PBXFileReference; lastKnownFileType = sourcecode.swift; path = CustomCurlTransition.swift; sourceTree = "<group>"; };
		2BABA12D22D916720057C156 /* CustomTextFieldView.swift */ = {isa = PBXFileReference; lastKnownFileType = sourcecode.swift; path = CustomTextFieldView.swift; sourceTree = "<group>"; };
		2BB81AD822D3EF8300F9F624 /* UITableViewSeparatorCell.swift */ = {isa = PBXFileReference; lastKnownFileType = sourcecode.swift; path = UITableViewSeparatorCell.swift; sourceTree = "<group>"; };
		2BB81ADE22D4CCDD00F9F624 /* ItemFieldViewDelegate.swift */ = {isa = PBXFileReference; lastKnownFileType = sourcecode.swift; path = ItemFieldViewDelegate.swift; sourceTree = "<group>"; };
		2BC8F6D722D52037005B6D64 /* InputModalViewDelegate.swift */ = {isa = PBXFileReference; lastKnownFileType = sourcecode.swift; path = InputModalViewDelegate.swift; sourceTree = "<group>"; };
		2BCDF06C22D5148F0059C6F4 /* InputModalViewController.swift */ = {isa = PBXFileReference; lastKnownFileType = sourcecode.swift; path = InputModalViewController.swift; sourceTree = "<group>"; };
		2BF038E72315A06B00C98324 /* INVASION2000.TTF */ = {isa = PBXFileReference; lastKnownFileType = file; path = INVASION2000.TTF; sourceTree = "<group>"; };
		2BF8E1F622C56ABB004D3C2E /* Threee.app */ = {isa = PBXFileReference; explicitFileType = wrapper.application; includeInIndex = 0; path = Threee.app; sourceTree = BUILT_PRODUCTS_DIR; };
		2BF8E1F922C56ABB004D3C2E /* AppDelegate.swift */ = {isa = PBXFileReference; lastKnownFileType = sourcecode.swift; path = AppDelegate.swift; sourceTree = "<group>"; };
		2BF8E1FB22C56ABB004D3C2E /* HomeViewController.swift */ = {isa = PBXFileReference; lastKnownFileType = sourcecode.swift; path = HomeViewController.swift; sourceTree = "<group>"; };
		2BF8E20022C56ABD004D3C2E /* Assets.xcassets */ = {isa = PBXFileReference; lastKnownFileType = folder.assetcatalog; path = Assets.xcassets; sourceTree = "<group>"; };
		2BF8E20322C56ABD004D3C2E /* Base */ = {isa = PBXFileReference; lastKnownFileType = file.storyboard; name = Base; path = Base.lproj/LaunchScreen.storyboard; sourceTree = "<group>"; };
		2BF8E20522C56ABD004D3C2E /* Info.plist */ = {isa = PBXFileReference; lastKnownFileType = text.plist.xml; path = Info.plist; sourceTree = "<group>"; };
		2BF8E20A22C56ABD004D3C2E /* ThreeeTests.xctest */ = {isa = PBXFileReference; explicitFileType = wrapper.cfbundle; includeInIndex = 0; path = ThreeeTests.xctest; sourceTree = BUILT_PRODUCTS_DIR; };
		2BF8E20E22C56ABD004D3C2E /* ThreeeTests.swift */ = {isa = PBXFileReference; lastKnownFileType = sourcecode.swift; path = ThreeeTests.swift; sourceTree = "<group>"; };
		2BF8E21022C56ABD004D3C2E /* Info.plist */ = {isa = PBXFileReference; lastKnownFileType = text.plist.xml; path = Info.plist; sourceTree = "<group>"; };
		2BF8E21522C56ABD004D3C2E /* ThreeeUITests.xctest */ = {isa = PBXFileReference; explicitFileType = wrapper.cfbundle; includeInIndex = 0; path = ThreeeUITests.xctest; sourceTree = BUILT_PRODUCTS_DIR; };
		2BF8E21922C56ABD004D3C2E /* ThreeeUITests.swift */ = {isa = PBXFileReference; lastKnownFileType = sourcecode.swift; path = ThreeeUITests.swift; sourceTree = "<group>"; };
		2BF8E21B22C56ABD004D3C2E /* Info.plist */ = {isa = PBXFileReference; lastKnownFileType = text.plist.xml; path = Info.plist; sourceTree = "<group>"; };
		2BF8E22922C56C1E004D3C2E /* HomeViewModel.swift */ = {isa = PBXFileReference; lastKnownFileType = sourcecode.swift; path = HomeViewModel.swift; sourceTree = "<group>"; };
		2BF8E22C22C56CEF004D3C2E /* User.swift */ = {isa = PBXFileReference; lastKnownFileType = sourcecode.swift; path = User.swift; sourceTree = "<group>"; };
		2BF8E22E22C56D13004D3C2E /* Day.swift */ = {isa = PBXFileReference; lastKnownFileType = sourcecode.swift; path = Day.swift; sourceTree = "<group>"; };
		2BF8E23022C574C2004D3C2E /* Item.swift */ = {isa = PBXFileReference; lastKnownFileType = sourcecode.swift; path = Item.swift; sourceTree = "<group>"; };
		2BF8E23222C57D22004D3C2E /* GoogleService-Info.plist */ = {isa = PBXFileReference; fileEncoding = 4; lastKnownFileType = text.plist.xml; path = "GoogleService-Info.plist"; sourceTree = "<group>"; };
		2F81AE727295FD91D43D1417 /* Pods-ThreeeUITests.debug.xcconfig */ = {isa = PBXFileReference; includeInIndex = 1; lastKnownFileType = text.xcconfig; name = "Pods-ThreeeUITests.debug.xcconfig"; path = "Target Support Files/Pods-ThreeeUITests/Pods-ThreeeUITests.debug.xcconfig"; sourceTree = "<group>"; };
		3FA9CAACA5A363803A3FC02E /* Pods_ThreeeTests.framework */ = {isa = PBXFileReference; explicitFileType = wrapper.framework; includeInIndex = 0; path = Pods_ThreeeTests.framework; sourceTree = BUILT_PRODUCTS_DIR; };
		8E6D5E5A51A51EB77FA5624E /* Pods-ThreeeTests.debug.xcconfig */ = {isa = PBXFileReference; includeInIndex = 1; lastKnownFileType = text.xcconfig; name = "Pods-ThreeeTests.debug.xcconfig"; path = "Target Support Files/Pods-ThreeeTests/Pods-ThreeeTests.debug.xcconfig"; sourceTree = "<group>"; };
		A0FEB2E2C9595EC063D858C1 /* Pods-Threee.debug.xcconfig */ = {isa = PBXFileReference; includeInIndex = 1; lastKnownFileType = text.xcconfig; name = "Pods-Threee.debug.xcconfig"; path = "Target Support Files/Pods-Threee/Pods-Threee.debug.xcconfig"; sourceTree = "<group>"; };
		A306951FC686F804A0392DD8 /* Pods_ThreeeUITests.framework */ = {isa = PBXFileReference; explicitFileType = wrapper.framework; includeInIndex = 0; path = Pods_ThreeeUITests.framework; sourceTree = BUILT_PRODUCTS_DIR; };
		A9CD105C7FCE6C39C6C56C93 /* Pods-Threee.release.xcconfig */ = {isa = PBXFileReference; includeInIndex = 1; lastKnownFileType = text.xcconfig; name = "Pods-Threee.release.xcconfig"; path = "Target Support Files/Pods-Threee/Pods-Threee.release.xcconfig"; sourceTree = "<group>"; };
		CB2382A175A965FB0F2B8BBD /* Pods-ThreeeTests.release.xcconfig */ = {isa = PBXFileReference; includeInIndex = 1; lastKnownFileType = text.xcconfig; name = "Pods-ThreeeTests.release.xcconfig"; path = "Target Support Files/Pods-ThreeeTests/Pods-ThreeeTests.release.xcconfig"; sourceTree = "<group>"; };
		D2BFFD40A381F5CA89FC14CA /* Pods_Threee.framework */ = {isa = PBXFileReference; explicitFileType = wrapper.framework; includeInIndex = 0; path = Pods_Threee.framework; sourceTree = BUILT_PRODUCTS_DIR; };
		D60B647A5A92549493EFB222 /* Pods_Threee_ThreeeFirebaseAuthTests.framework */ = {isa = PBXFileReference; explicitFileType = wrapper.framework; includeInIndex = 0; path = Pods_Threee_ThreeeFirebaseAuthTests.framework; sourceTree = BUILT_PRODUCTS_DIR; };
/* End PBXFileReference section */

/* Begin PBXFrameworksBuildPhase section */
		2BF8E1F322C56ABB004D3C2E /* Frameworks */ = {
			isa = PBXFrameworksBuildPhase;
			buildActionMask = 2147483647;
			files = (
				5260E8ED8D32C25B478120A6 /* Pods_Threee.framework in Frameworks */,
			);
			runOnlyForDeploymentPostprocessing = 0;
		};
		2BF8E20722C56ABD004D3C2E /* Frameworks */ = {
			isa = PBXFrameworksBuildPhase;
			buildActionMask = 2147483647;
			files = (
				0792401C024B413BEBD7F5E7 /* Pods_ThreeeTests.framework in Frameworks */,
			);
			runOnlyForDeploymentPostprocessing = 0;
		};
		2BF8E21222C56ABD004D3C2E /* Frameworks */ = {
			isa = PBXFrameworksBuildPhase;
			buildActionMask = 2147483647;
			files = (
				9AF1768385197467A80C1AC0 /* Pods_ThreeeUITests.framework in Frameworks */,
			);
			runOnlyForDeploymentPostprocessing = 0;
		};
/* End PBXFrameworksBuildPhase section */

/* Begin PBXGroup section */
		2B1A2DCA22C5A5B70049093A /* Firebase */ = {
			isa = PBXGroup;
			children = (
				2B50F6F122C6D1CD0048262C /* Database */,
				2B1A2DD122C6B3D50049093A /* Auth */,
				2B50F70322C6DA600048262C /* FirebaseCoordinator.swift */,
			);
			path = Firebase;
			sourceTree = "<group>";
		};
		2B1A2DD122C6B3D50049093A /* Auth */ = {
			isa = PBXGroup;
			children = (
				2B50F70722C6DDEE0048262C /* UseCase */,
				2B50F6FB22C6D2D20048262C /* Gateway */,
				2B50F6FA22C6D2C30048262C /* Presenter */,
				2B50F6F422C6D2860048262C /* Enums */,
			);
			path = Auth;
			sourceTree = "<group>";
		};
		2B1A2DD422C6B5480049093A /* Views */ = {
			isa = PBXGroup;
			children = (
				2BA9283A2311899B00FCE72C /* VideoViewController */,
				2BA9283323117A8B00FCE72C /* MatrixViewController */,
				2B6FC0E822E22258007E9C41 /* PageViewController */,
				2B42755322E1146D00CC28A5 /* AlertModalView */,
				2B42754E22E0C18400CC28A5 /* SignInView */,
				2BCDF06B22D5145D0059C6F4 /* InputModalView */,
				2B1A2DD522C6B5510049093A /* SignUpView */,
				2BF8E22822C56BF0004D3C2E /* HomeView */,
				2BA9283623117D2800FCE72C /* JSMatrixCodeRainView.swift */,
			);
			path = Views;
			sourceTree = "<group>";
		};
		2B1A2DD522C6B5510049093A /* SignUpView */ = {
			isa = PBXGroup;
			children = (
				2B1A2DD622C6B56A0049093A /* SignUpViewController.swift */,
				2B1A2DD822C6B5900049093A /* SignUpViewModel.swift */,
			);
			path = SignUpView;
			sourceTree = "<group>";
		};
		2B42754E22E0C18400CC28A5 /* SignInView */ = {
			isa = PBXGroup;
			children = (
				2B42754F22E0C1A500CC28A5 /* SignInViewController.swift */,
				2B42755122E0C1B900CC28A5 /* SignInViewModel.swift */,
			);
			path = SignInView;
			sourceTree = "<group>";
		};
		2B42755322E1146D00CC28A5 /* AlertModalView */ = {
			isa = PBXGroup;
			children = (
				2B42755422E1148C00CC28A5 /* AlertModalViewController.swift */,
			);
			path = AlertModalView;
			sourceTree = "<group>";
		};
		2B50F6F122C6D1CD0048262C /* Database */ = {
			isa = PBXGroup;
			children = (
				2B50F70022C6D8450048262C /* UseCase */,
				2B50F6F822C6D2AE0048262C /* Presenter */,
				2B50F6F222C6D2780048262C /* Gateway */,
			);
			path = Database;
			sourceTree = "<group>";
		};
		2B50F6F222C6D2780048262C /* Gateway */ = {
			isa = PBXGroup;
			children = (
				2B94B10022C58154007C22DF /* DatabaseGatewayFirebase.swift */,
				2B50F6FC22C6D2F90048262C /* DatabaseGateway.swift */,
			);
			path = Gateway;
			sourceTree = "<group>";
		};
		2B50F6F422C6D2860048262C /* Enums */ = {
			isa = PBXGroup;
			children = (
				2B1A2DD222C6B4110049093A /* AuthError.swift */,
				2B1A2DDC22C6BADC0049093A /* AuthSucess.swift */,
			);
			path = Enums;
			sourceTree = "<group>";
		};
		2B50F6F822C6D2AE0048262C /* Presenter */ = {
			isa = PBXGroup;
			children = (
				2B50F6FE22C6D7E80048262C /* DatabasePresenter.swift */,
			);
			path = Presenter;
			sourceTree = "<group>";
		};
		2B50F6FA22C6D2C30048262C /* Presenter */ = {
			isa = PBXGroup;
			children = (
				2B1A2DDA22C6B6160049093A /* AuthPresenter.swift */,
			);
			path = Presenter;
			sourceTree = "<group>";
		};
		2B50F6FB22C6D2D20048262C /* Gateway */ = {
			isa = PBXGroup;
			children = (
				2B1A2DFC22C6C3DB0049093A /* AuthGateway.swift */,
				2B8553FE22C59C91005F41F5 /* AuthGatewayFirebase.swift */,
			);
			path = Gateway;
			sourceTree = "<group>";
		};
		2B50F70022C6D8450048262C /* UseCase */ = {
			isa = PBXGroup;
			children = (
				2B50F70122C6D8BB0048262C /* DatabaseUseCase.swift */,
			);
			path = UseCase;
			sourceTree = "<group>";
		};
		2B50F70722C6DDEE0048262C /* UseCase */ = {
			isa = PBXGroup;
			children = (
				2B50F70822C6DDFF0048262C /* AuthUseCase.swift */,
			);
			path = UseCase;
			sourceTree = "<group>";
		};
		2B5FD45022C94AFE00D2EDF0 /* Components */ = {
			isa = PBXGroup;
			children = (
				2B5FD46A22CA285E00D2EDF0 /* UnderlineView */,
				2BABA12C22D9164A0057C156 /* CustomTextFieldView */,
				2B5FD46722CA273400D2EDF0 /* ItemFieldView */,
				2B5FD45622C94D4400D2EDF0 /* DottedGridView */,
				2B5FD45122C94B2100D2EDF0 /* PageTitleLabelView */,
				2BB81AD822D3EF8300F9F624 /* UITableViewSeparatorCell.swift */,
			);
			path = Components;
			sourceTree = "<group>";
		};
		2B5FD45122C94B2100D2EDF0 /* PageTitleLabelView */ = {
			isa = PBXGroup;
			children = (
				2B5FD45222C94B4D00D2EDF0 /* PageTitleLabelView.swift */,
			);
			path = PageTitleLabelView;
			sourceTree = "<group>";
		};
		2B5FD45622C94D4400D2EDF0 /* DottedGridView */ = {
			isa = PBXGroup;
			children = (
				2B5FD45722C94D5200D2EDF0 /* DottedGridView.swift */,
			);
			path = DottedGridView;
			sourceTree = "<group>";
		};
		2B5FD45922C94D9300D2EDF0 /* Extensions */ = {
			isa = PBXGroup;
			children = (
				2B5FD45A22C94DA000D2EDF0 /* UIColor.swift */,
				2B5FD45D22C9596400D2EDF0 /* UIFont.swift */,
				2BA9283123117A7500FCE72C /* UILabel.swift */,
			);
			path = Extensions;
			sourceTree = "<group>";
		};
		2B5FD45C22C9594600D2EDF0 /* Resources */ = {
			isa = PBXGroup;
			children = (
				2B5FD45F22C959BA00D2EDF0 /* Mali-Bold.ttf */,
				2BA9283823117F3F00FCE72C /* matrixcode.ttf */,
				2BF038E72315A06B00C98324 /* INVASION2000.TTF */,
				2B5FD46322C959C700D2EDF0 /* Mali-Medium.ttf */,
				2B5FD46122C959C700D2EDF0 /* Mali-Regular.ttf */,
				2B5FD46222C959C700D2EDF0 /* Mali-SemiBold.ttf */,
			);
			path = Resources;
			sourceTree = "<group>";
		};
		2B5FD46722CA273400D2EDF0 /* ItemFieldView */ = {
			isa = PBXGroup;
			children = (
				2B5FD46822CA275300D2EDF0 /* ItemFieldView.swift */,
				2BB81ADE22D4CCDD00F9F624 /* ItemFieldViewDelegate.swift */,
			);
			path = ItemFieldView;
			sourceTree = "<group>";
		};
		2B5FD46A22CA285E00D2EDF0 /* UnderlineView */ = {
			isa = PBXGroup;
			children = (
				2B5FD46B22CA287500D2EDF0 /* UnderlineView.swift */,
			);
			path = UnderlineView;
			sourceTree = "<group>";
		};
		2B6FC0E822E22258007E9C41 /* PageViewController */ = {
			isa = PBXGroup;
			children = (
				2B6FC0E922E22284007E9C41 /* PageViewController.swift */,
			);
			path = PageViewController;
			sourceTree = "<group>";
		};
		2B9ADB6822E127DB009A3223 /* CustomTransition */ = {
			isa = PBXGroup;
			children = (
				2B9ADB6B22E12885009A3223 /* ModalPushTransition.swift */,
				2B9ADB6D22E12A76009A3223 /* ModalPopTransition.swift */,
				2BA9283D23118A4D00FCE72C /* CustomCurlTransition.swift */,
			);
			path = CustomTransition;
			sourceTree = "<group>";
		};
		2BA9283323117A8B00FCE72C /* MatrixViewController */ = {
			isa = PBXGroup;
			children = (
				2BA9283423117A9F00FCE72C /* MatrixViewController.swift */,
			);
			path = MatrixViewController;
			sourceTree = "<group>";
		};
		2BA9283A2311899B00FCE72C /* VideoViewController */ = {
			isa = PBXGroup;
			children = (
				2BA9283B231189AA00FCE72C /* VideoViewController.swift */,
			);
			path = VideoViewController;
			sourceTree = "<group>";
		};
		2BABA12C22D9164A0057C156 /* CustomTextFieldView */ = {
			isa = PBXGroup;
			children = (
				2BABA12D22D916720057C156 /* CustomTextFieldView.swift */,
			);
			path = CustomTextFieldView;
			sourceTree = "<group>";
		};
		2BCDF06B22D5145D0059C6F4 /* InputModalView */ = {
			isa = PBXGroup;
			children = (
				2BCDF06C22D5148F0059C6F4 /* InputModalViewController.swift */,
				2BC8F6D722D52037005B6D64 /* InputModalViewDelegate.swift */,
			);
			path = InputModalView;
			sourceTree = "<group>";
		};
		2BF8E1ED22C56ABB004D3C2E = {
			isa = PBXGroup;
			children = (
				2BF8E1F822C56ABB004D3C2E /* Threee */,
				2BF8E20D22C56ABD004D3C2E /* ThreeeTests */,
				2BF8E21822C56ABD004D3C2E /* ThreeeUITests */,
				2BF8E1F722C56ABB004D3C2E /* Products */,
				FDA6E6EC97C14987A78C603B /* Pods */,
				5AC9D583F457AAE120F7D57C /* Frameworks */,
			);
			sourceTree = "<group>";
		};
		2BF8E1F722C56ABB004D3C2E /* Products */ = {
			isa = PBXGroup;
			children = (
				2BF8E1F622C56ABB004D3C2E /* Threee.app */,
				2BF8E20A22C56ABD004D3C2E /* ThreeeTests.xctest */,
				2BF8E21522C56ABD004D3C2E /* ThreeeUITests.xctest */,
			);
			name = Products;
			sourceTree = "<group>";
		};
		2BF8E1F822C56ABB004D3C2E /* Threee */ = {
			isa = PBXGroup;
			children = (
				2B5FD45C22C9594600D2EDF0 /* Resources */,
				2B9ADB6822E127DB009A3223 /* CustomTransition */,
				2B5FD45922C94D9300D2EDF0 /* Extensions */,
				2B5FD45022C94AFE00D2EDF0 /* Components */,
				2B1A2DD422C6B5480049093A /* Views */,
				2B1A2DCA22C5A5B70049093A /* Firebase */,
				2BF8E22B22C56CE5004D3C2E /* Model */,
				2BF8E1F922C56ABB004D3C2E /* AppDelegate.swift */,
				2BF8E20022C56ABD004D3C2E /* Assets.xcassets */,
				2BF8E20222C56ABD004D3C2E /* LaunchScreen.storyboard */,
				2BF8E20522C56ABD004D3C2E /* Info.plist */,
				2BF8E23222C57D22004D3C2E /* GoogleService-Info.plist */,
			);
			path = Threee;
			sourceTree = "<group>";
		};
		2BF8E20D22C56ABD004D3C2E /* ThreeeTests */ = {
			isa = PBXGroup;
			children = (
				2BF8E20E22C56ABD004D3C2E /* ThreeeTests.swift */,
				2BF8E21022C56ABD004D3C2E /* Info.plist */,
				2B1A2DCB22C5BB260049093A /* UserTests.swift */,
				2B1A2DCD22C5BD070049093A /* DayTests.swift */,
				2B1A2DCF22C5C1520049093A /* ItemTests.swift */,
			);
			path = ThreeeTests;
			sourceTree = "<group>";
		};
		2BF8E21822C56ABD004D3C2E /* ThreeeUITests */ = {
			isa = PBXGroup;
			children = (
				2BF8E21922C56ABD004D3C2E /* ThreeeUITests.swift */,
				2BF8E21B22C56ABD004D3C2E /* Info.plist */,
			);
			path = ThreeeUITests;
			sourceTree = "<group>";
		};
		2BF8E22822C56BF0004D3C2E /* HomeView */ = {
			isa = PBXGroup;
			children = (
				2BF8E1FB22C56ABB004D3C2E /* HomeViewController.swift */,
				2BF8E22922C56C1E004D3C2E /* HomeViewModel.swift */,
				2B50F70522C6DB570048262C /* HomeViewModelDelegate.swift */,
			);
			path = HomeView;
			sourceTree = "<group>";
		};
		2BF8E22B22C56CE5004D3C2E /* Model */ = {
			isa = PBXGroup;
			children = (
				2BF8E22C22C56CEF004D3C2E /* User.swift */,
				2BF8E22E22C56D13004D3C2E /* Day.swift */,
				2BF8E23022C574C2004D3C2E /* Item.swift */,
			);
			path = Model;
			sourceTree = "<group>";
		};
		5AC9D583F457AAE120F7D57C /* Frameworks */ = {
			isa = PBXGroup;
			children = (
				D2BFFD40A381F5CA89FC14CA /* Pods_Threee.framework */,
				3FA9CAACA5A363803A3FC02E /* Pods_ThreeeTests.framework */,
				A306951FC686F804A0392DD8 /* Pods_ThreeeUITests.framework */,
				D60B647A5A92549493EFB222 /* Pods_Threee_ThreeeFirebaseAuthTests.framework */,
			);
			name = Frameworks;
			sourceTree = "<group>";
		};
		FDA6E6EC97C14987A78C603B /* Pods */ = {
			isa = PBXGroup;
			children = (
				A0FEB2E2C9595EC063D858C1 /* Pods-Threee.debug.xcconfig */,
				A9CD105C7FCE6C39C6C56C93 /* Pods-Threee.release.xcconfig */,
				8E6D5E5A51A51EB77FA5624E /* Pods-ThreeeTests.debug.xcconfig */,
				CB2382A175A965FB0F2B8BBD /* Pods-ThreeeTests.release.xcconfig */,
				2F81AE727295FD91D43D1417 /* Pods-ThreeeUITests.debug.xcconfig */,
				1B27DC82C5926521508C2E46 /* Pods-ThreeeUITests.release.xcconfig */,
			);
			path = Pods;
			sourceTree = "<group>";
		};
/* End PBXGroup section */

/* Begin PBXNativeTarget section */
		2BF8E1F522C56ABB004D3C2E /* Threee */ = {
			isa = PBXNativeTarget;
			buildConfigurationList = 2BF8E21E22C56ABD004D3C2E /* Build configuration list for PBXNativeTarget "Threee" */;
			buildPhases = (
				8868024A61946639D5521F68 /* [CP] Check Pods Manifest.lock */,
				2BF8E1F222C56ABB004D3C2E /* Sources */,
				2BF8E1F322C56ABB004D3C2E /* Frameworks */,
				2BF8E1F422C56ABB004D3C2E /* Resources */,
				5BC75D6989F2307D82968FC1 /* [CP] Embed Pods Frameworks */,
			);
			buildRules = (
			);
			dependencies = (
			);
			name = Threee;
			productName = Threee;
			productReference = 2BF8E1F622C56ABB004D3C2E /* Threee.app */;
			productType = "com.apple.product-type.application";
		};
		2BF8E20922C56ABD004D3C2E /* ThreeeTests */ = {
			isa = PBXNativeTarget;
			buildConfigurationList = 2BF8E22122C56ABD004D3C2E /* Build configuration list for PBXNativeTarget "ThreeeTests" */;
			buildPhases = (
				25308885D6B08107EA9AAC75 /* [CP] Check Pods Manifest.lock */,
				2BF8E20622C56ABD004D3C2E /* Sources */,
				2BF8E20722C56ABD004D3C2E /* Frameworks */,
				2BF8E20822C56ABD004D3C2E /* Resources */,
			);
			buildRules = (
			);
			dependencies = (
				2BF8E20C22C56ABD004D3C2E /* PBXTargetDependency */,
			);
			name = ThreeeTests;
			productName = ThreeeTests;
			productReference = 2BF8E20A22C56ABD004D3C2E /* ThreeeTests.xctest */;
			productType = "com.apple.product-type.bundle.unit-test";
		};
		2BF8E21422C56ABD004D3C2E /* ThreeeUITests */ = {
			isa = PBXNativeTarget;
			buildConfigurationList = 2BF8E22422C56ABD004D3C2E /* Build configuration list for PBXNativeTarget "ThreeeUITests" */;
			buildPhases = (
				CDABA187E6E51A14700DDDE8 /* [CP] Check Pods Manifest.lock */,
				2BF8E21122C56ABD004D3C2E /* Sources */,
				2BF8E21222C56ABD004D3C2E /* Frameworks */,
				2BF8E21322C56ABD004D3C2E /* Resources */,
			);
			buildRules = (
			);
			dependencies = (
				2BF8E21722C56ABD004D3C2E /* PBXTargetDependency */,
			);
			name = ThreeeUITests;
			productName = ThreeeUITests;
			productReference = 2BF8E21522C56ABD004D3C2E /* ThreeeUITests.xctest */;
			productType = "com.apple.product-type.bundle.ui-testing";
		};
/* End PBXNativeTarget section */

/* Begin PBXProject section */
		2BF8E1EE22C56ABB004D3C2E /* Project object */ = {
			isa = PBXProject;
			attributes = {
				LastSwiftUpdateCheck = 1020;
				LastUpgradeCheck = 1020;
				ORGANIZATIONNAME = "Paulo José";
				TargetAttributes = {
					2BF8E1F522C56ABB004D3C2E = {
						CreatedOnToolsVersion = 10.2.1;
					};
					2BF8E20922C56ABD004D3C2E = {
						CreatedOnToolsVersion = 10.2.1;
						TestTargetID = 2BF8E1F522C56ABB004D3C2E;
					};
					2BF8E21422C56ABD004D3C2E = {
						CreatedOnToolsVersion = 10.2.1;
						TestTargetID = 2BF8E1F522C56ABB004D3C2E;
					};
				};
			};
			buildConfigurationList = 2BF8E1F122C56ABB004D3C2E /* Build configuration list for PBXProject "Threee" */;
			compatibilityVersion = "Xcode 9.3";
			developmentRegion = en;
			hasScannedForEncodings = 0;
			knownRegions = (
				en,
				Base,
			);
			mainGroup = 2BF8E1ED22C56ABB004D3C2E;
			productRefGroup = 2BF8E1F722C56ABB004D3C2E /* Products */;
			projectDirPath = "";
			projectRoot = "";
			targets = (
				2BF8E1F522C56ABB004D3C2E /* Threee */,
				2BF8E20922C56ABD004D3C2E /* ThreeeTests */,
				2BF8E21422C56ABD004D3C2E /* ThreeeUITests */,
			);
		};
/* End PBXProject section */

/* Begin PBXResourcesBuildPhase section */
		2BF8E1F422C56ABB004D3C2E /* Resources */ = {
			isa = PBXResourcesBuildPhase;
			buildActionMask = 2147483647;
			files = (
				2BF8E20422C56ABD004D3C2E /* LaunchScreen.storyboard in Resources */,
				2BF8E20122C56ABD004D3C2E /* Assets.xcassets in Resources */,
				2BA9283923117F3F00FCE72C /* matrixcode.ttf in Resources */,
				2B5FD46022C959BA00D2EDF0 /* Mali-Bold.ttf in Resources */,
				2B5FD46622C959C700D2EDF0 /* Mali-Medium.ttf in Resources */,
				2B5FD46422C959C700D2EDF0 /* Mali-Regular.ttf in Resources */,
				2BF038E82315A06B00C98324 /* INVASION2000.TTF in Resources */,
				2B5FD46522C959C700D2EDF0 /* Mali-SemiBold.ttf in Resources */,
				2BF8E23322C57D22004D3C2E /* GoogleService-Info.plist in Resources */,
			);
			runOnlyForDeploymentPostprocessing = 0;
		};
		2BF8E20822C56ABD004D3C2E /* Resources */ = {
			isa = PBXResourcesBuildPhase;
			buildActionMask = 2147483647;
			files = (
			);
			runOnlyForDeploymentPostprocessing = 0;
		};
		2BF8E21322C56ABD004D3C2E /* Resources */ = {
			isa = PBXResourcesBuildPhase;
			buildActionMask = 2147483647;
			files = (
			);
			runOnlyForDeploymentPostprocessing = 0;
		};
/* End PBXResourcesBuildPhase section */

/* Begin PBXShellScriptBuildPhase section */
		25308885D6B08107EA9AAC75 /* [CP] Check Pods Manifest.lock */ = {
			isa = PBXShellScriptBuildPhase;
			buildActionMask = 2147483647;
			files = (
			);
			inputFileListPaths = (
			);
			inputPaths = (
				"${PODS_PODFILE_DIR_PATH}/Podfile.lock",
				"${PODS_ROOT}/Manifest.lock",
			);
			name = "[CP] Check Pods Manifest.lock";
			outputFileListPaths = (
			);
			outputPaths = (
				"$(DERIVED_FILE_DIR)/Pods-ThreeeTests-checkManifestLockResult.txt",
			);
			runOnlyForDeploymentPostprocessing = 0;
			shellPath = /bin/sh;
			shellScript = "diff \"${PODS_PODFILE_DIR_PATH}/Podfile.lock\" \"${PODS_ROOT}/Manifest.lock\" > /dev/null\nif [ $? != 0 ] ; then\n    # print error to STDERR\n    echo \"error: The sandbox is not in sync with the Podfile.lock. Run 'pod install' or update your CocoaPods installation.\" >&2\n    exit 1\nfi\n# This output is used by Xcode 'outputs' to avoid re-running this script phase.\necho \"SUCCESS\" > \"${SCRIPT_OUTPUT_FILE_0}\"\n";
			showEnvVarsInLog = 0;
		};
		5BC75D6989F2307D82968FC1 /* [CP] Embed Pods Frameworks */ = {
			isa = PBXShellScriptBuildPhase;
			buildActionMask = 2147483647;
			files = (
			);
			inputFileListPaths = (
				"${PODS_ROOT}/Target Support Files/Pods-Threee/Pods-Threee-frameworks-${CONFIGURATION}-input-files.xcfilelist",
			);
			name = "[CP] Embed Pods Frameworks";
			outputFileListPaths = (
				"${PODS_ROOT}/Target Support Files/Pods-Threee/Pods-Threee-frameworks-${CONFIGURATION}-output-files.xcfilelist",
			);
			runOnlyForDeploymentPostprocessing = 0;
			shellPath = /bin/sh;
			shellScript = "\"${PODS_ROOT}/Target Support Files/Pods-Threee/Pods-Threee-frameworks.sh\"\n";
			showEnvVarsInLog = 0;
		};
		8868024A61946639D5521F68 /* [CP] Check Pods Manifest.lock */ = {
			isa = PBXShellScriptBuildPhase;
			buildActionMask = 2147483647;
			files = (
			);
			inputFileListPaths = (
			);
			inputPaths = (
				"${PODS_PODFILE_DIR_PATH}/Podfile.lock",
				"${PODS_ROOT}/Manifest.lock",
			);
			name = "[CP] Check Pods Manifest.lock";
			outputFileListPaths = (
			);
			outputPaths = (
				"$(DERIVED_FILE_DIR)/Pods-Threee-checkManifestLockResult.txt",
			);
			runOnlyForDeploymentPostprocessing = 0;
			shellPath = /bin/sh;
			shellScript = "diff \"${PODS_PODFILE_DIR_PATH}/Podfile.lock\" \"${PODS_ROOT}/Manifest.lock\" > /dev/null\nif [ $? != 0 ] ; then\n    # print error to STDERR\n    echo \"error: The sandbox is not in sync with the Podfile.lock. Run 'pod install' or update your CocoaPods installation.\" >&2\n    exit 1\nfi\n# This output is used by Xcode 'outputs' to avoid re-running this script phase.\necho \"SUCCESS\" > \"${SCRIPT_OUTPUT_FILE_0}\"\n";
			showEnvVarsInLog = 0;
		};
		CDABA187E6E51A14700DDDE8 /* [CP] Check Pods Manifest.lock */ = {
			isa = PBXShellScriptBuildPhase;
			buildActionMask = 2147483647;
			files = (
			);
			inputFileListPaths = (
			);
			inputPaths = (
				"${PODS_PODFILE_DIR_PATH}/Podfile.lock",
				"${PODS_ROOT}/Manifest.lock",
			);
			name = "[CP] Check Pods Manifest.lock";
			outputFileListPaths = (
			);
			outputPaths = (
				"$(DERIVED_FILE_DIR)/Pods-ThreeeUITests-checkManifestLockResult.txt",
			);
			runOnlyForDeploymentPostprocessing = 0;
			shellPath = /bin/sh;
			shellScript = "diff \"${PODS_PODFILE_DIR_PATH}/Podfile.lock\" \"${PODS_ROOT}/Manifest.lock\" > /dev/null\nif [ $? != 0 ] ; then\n    # print error to STDERR\n    echo \"error: The sandbox is not in sync with the Podfile.lock. Run 'pod install' or update your CocoaPods installation.\" >&2\n    exit 1\nfi\n# This output is used by Xcode 'outputs' to avoid re-running this script phase.\necho \"SUCCESS\" > \"${SCRIPT_OUTPUT_FILE_0}\"\n";
			showEnvVarsInLog = 0;
		};
/* End PBXShellScriptBuildPhase section */

/* Begin PBXSourcesBuildPhase section */
		2BF8E1F222C56ABB004D3C2E /* Sources */ = {
			isa = PBXSourcesBuildPhase;
			buildActionMask = 2147483647;
			files = (
				2BF8E22D22C56CEF004D3C2E /* User.swift in Sources */,
				2BCDF06D22D5148F0059C6F4 /* InputModalViewController.swift in Sources */,
				2B9ADB6E22E12A76009A3223 /* ModalPopTransition.swift in Sources */,
				2B5FD46922CA275300D2EDF0 /* ItemFieldView.swift in Sources */,
				2B8553FF22C59C91005F41F5 /* AuthGatewayFirebase.swift in Sources */,
				2BA9283523117A9F00FCE72C /* MatrixViewController.swift in Sources */,
				2BF8E1FC22C56ABB004D3C2E /* HomeViewController.swift in Sources */,
				2BA9283723117D2800FCE72C /* JSMatrixCodeRainView.swift in Sources */,
				2B50F70922C6DDFF0048262C /* AuthUseCase.swift in Sources */,
				2B50F70222C6D8BB0048262C /* DatabaseUseCase.swift in Sources */,
				2B94B10122C58154007C22DF /* DatabaseGatewayFirebase.swift in Sources */,
				2BA9283E23118A4D00FCE72C /* CustomCurlTransition.swift in Sources */,
				2B42755222E0C1B900CC28A5 /* SignInViewModel.swift in Sources */,
				2B1A2DFD22C6C3DB0049093A /* AuthGateway.swift in Sources */,
				2B1A2DDB22C6B6160049093A /* AuthPresenter.swift in Sources */,
				2B50F6FD22C6D2F90048262C /* DatabaseGateway.swift in Sources */,
				2B1A2DDD22C6BADC0049093A /* AuthSucess.swift in Sources */,
				2BC8F6D822D52037005B6D64 /* InputModalViewDelegate.swift in Sources */,
				2BB81ADF22D4CCDD00F9F624 /* ItemFieldViewDelegate.swift in Sources */,
				2BB81AD922D3EF8300F9F624 /* UITableViewSeparatorCell.swift in Sources */,
				2B5FD45B22C94DA000D2EDF0 /* UIColor.swift in Sources */,
				2B1A2DD722C6B56A0049093A /* SignUpViewController.swift in Sources */,
				2BF8E22A22C56C1E004D3C2E /* HomeViewModel.swift in Sources */,
				2BA9283C231189AA00FCE72C /* VideoViewController.swift in Sources */,
				2B5FD45822C94D5200D2EDF0 /* DottedGridView.swift in Sources */,
				2B50F70622C6DB570048262C /* HomeViewModelDelegate.swift in Sources */,
				2BF8E22F22C56D13004D3C2E /* Day.swift in Sources */,
				2B1A2DD322C6B4110049093A /* AuthError.swift in Sources */,
				2B42755522E1148C00CC28A5 /* AlertModalViewController.swift in Sources */,
				2B6FC0EA22E22284007E9C41 /* PageViewController.swift in Sources */,
				2BA9283223117A7500FCE72C /* UILabel.swift in Sources */,
				2BF8E23122C574C2004D3C2E /* Item.swift in Sources */,
				2B1A2DD922C6B5900049093A /* SignUpViewModel.swift in Sources */,
				2B5FD45322C94B4D00D2EDF0 /* PageTitleLabelView.swift in Sources */,
				2B5FD45E22C9596400D2EDF0 /* UIFont.swift in Sources */,
				2B50F70422C6DA600048262C /* FirebaseCoordinator.swift in Sources */,
				2BF8E1FA22C56ABB004D3C2E /* AppDelegate.swift in Sources */,
				2B9ADB6C22E12885009A3223 /* ModalPushTransition.swift in Sources */,
				2B42755022E0C1A500CC28A5 /* SignInViewController.swift in Sources */,
				2B50F6FF22C6D7E80048262C /* DatabasePresenter.swift in Sources */,
				2BABA12E22D916720057C156 /* CustomTextFieldView.swift in Sources */,
				2B5FD46C22CA287500D2EDF0 /* UnderlineView.swift in Sources */,
			);
			runOnlyForDeploymentPostprocessing = 0;
		};
		2BF8E20622C56ABD004D3C2E /* Sources */ = {
			isa = PBXSourcesBuildPhase;
			buildActionMask = 2147483647;
			files = (
				2B1A2DD022C5C1520049093A /* ItemTests.swift in Sources */,
				2B1A2DCE22C5BD070049093A /* DayTests.swift in Sources */,
				2B1A2DCC22C5BB260049093A /* UserTests.swift in Sources */,
				2BF8E20F22C56ABD004D3C2E /* ThreeeTests.swift in Sources */,
			);
			runOnlyForDeploymentPostprocessing = 0;
		};
		2BF8E21122C56ABD004D3C2E /* Sources */ = {
			isa = PBXSourcesBuildPhase;
			buildActionMask = 2147483647;
			files = (
				2BF8E21A22C56ABD004D3C2E /* ThreeeUITests.swift in Sources */,
			);
			runOnlyForDeploymentPostprocessing = 0;
		};
/* End PBXSourcesBuildPhase section */

/* Begin PBXTargetDependency section */
		2BF8E20C22C56ABD004D3C2E /* PBXTargetDependency */ = {
			isa = PBXTargetDependency;
			target = 2BF8E1F522C56ABB004D3C2E /* Threee */;
			targetProxy = 2BF8E20B22C56ABD004D3C2E /* PBXContainerItemProxy */;
		};
		2BF8E21722C56ABD004D3C2E /* PBXTargetDependency */ = {
			isa = PBXTargetDependency;
			target = 2BF8E1F522C56ABB004D3C2E /* Threee */;
			targetProxy = 2BF8E21622C56ABD004D3C2E /* PBXContainerItemProxy */;
		};
/* End PBXTargetDependency section */

/* Begin PBXVariantGroup section */
		2BF8E20222C56ABD004D3C2E /* LaunchScreen.storyboard */ = {
			isa = PBXVariantGroup;
			children = (
				2BF8E20322C56ABD004D3C2E /* Base */,
			);
			name = LaunchScreen.storyboard;
			sourceTree = "<group>";
		};
/* End PBXVariantGroup section */

/* Begin XCBuildConfiguration section */
		2BF8E21C22C56ABD004D3C2E /* Debug */ = {
			isa = XCBuildConfiguration;
			buildSettings = {
				ALWAYS_SEARCH_USER_PATHS = NO;
				CLANG_ANALYZER_NONNULL = YES;
				CLANG_ANALYZER_NUMBER_OBJECT_CONVERSION = YES_AGGRESSIVE;
				CLANG_CXX_LANGUAGE_STANDARD = "gnu++14";
				CLANG_CXX_LIBRARY = "libc++";
				CLANG_ENABLE_MODULES = YES;
				CLANG_ENABLE_OBJC_ARC = YES;
				CLANG_ENABLE_OBJC_WEAK = YES;
				CLANG_WARN_BLOCK_CAPTURE_AUTORELEASING = YES;
				CLANG_WARN_BOOL_CONVERSION = YES;
				CLANG_WARN_COMMA = YES;
				CLANG_WARN_CONSTANT_CONVERSION = YES;
				CLANG_WARN_DEPRECATED_OBJC_IMPLEMENTATIONS = YES;
				CLANG_WARN_DIRECT_OBJC_ISA_USAGE = YES_ERROR;
				CLANG_WARN_DOCUMENTATION_COMMENTS = YES;
				CLANG_WARN_EMPTY_BODY = YES;
				CLANG_WARN_ENUM_CONVERSION = YES;
				CLANG_WARN_INFINITE_RECURSION = YES;
				CLANG_WARN_INT_CONVERSION = YES;
				CLANG_WARN_NON_LITERAL_NULL_CONVERSION = YES;
				CLANG_WARN_OBJC_IMPLICIT_RETAIN_SELF = YES;
				CLANG_WARN_OBJC_LITERAL_CONVERSION = YES;
				CLANG_WARN_OBJC_ROOT_CLASS = YES_ERROR;
				CLANG_WARN_RANGE_LOOP_ANALYSIS = YES;
				CLANG_WARN_STRICT_PROTOTYPES = YES;
				CLANG_WARN_SUSPICIOUS_MOVE = YES;
				CLANG_WARN_UNGUARDED_AVAILABILITY = YES_AGGRESSIVE;
				CLANG_WARN_UNREACHABLE_CODE = YES;
				CLANG_WARN__DUPLICATE_METHOD_MATCH = YES;
				CODE_SIGN_IDENTITY = "iPhone Developer";
				COPY_PHASE_STRIP = NO;
				DEBUG_INFORMATION_FORMAT = dwarf;
				ENABLE_STRICT_OBJC_MSGSEND = YES;
				ENABLE_TESTABILITY = YES;
				GCC_C_LANGUAGE_STANDARD = gnu11;
				GCC_DYNAMIC_NO_PIC = NO;
				GCC_NO_COMMON_BLOCKS = YES;
				GCC_OPTIMIZATION_LEVEL = 0;
				GCC_PREPROCESSOR_DEFINITIONS = (
					"DEBUG=1",
					"$(inherited)",
				);
				GCC_WARN_64_TO_32_BIT_CONVERSION = YES;
				GCC_WARN_ABOUT_RETURN_TYPE = YES_ERROR;
				GCC_WARN_UNDECLARED_SELECTOR = YES;
				GCC_WARN_UNINITIALIZED_AUTOS = YES_AGGRESSIVE;
				GCC_WARN_UNUSED_FUNCTION = YES;
				GCC_WARN_UNUSED_VARIABLE = YES;
				IPHONEOS_DEPLOYMENT_TARGET = 12.2;
				MTL_ENABLE_DEBUG_INFO = INCLUDE_SOURCE;
				MTL_FAST_MATH = YES;
				ONLY_ACTIVE_ARCH = YES;
				SDKROOT = iphoneos;
				SWIFT_ACTIVE_COMPILATION_CONDITIONS = DEBUG;
				SWIFT_OPTIMIZATION_LEVEL = "-Onone";
			};
			name = Debug;
		};
		2BF8E21D22C56ABD004D3C2E /* Release */ = {
			isa = XCBuildConfiguration;
			buildSettings = {
				ALWAYS_SEARCH_USER_PATHS = NO;
				CLANG_ANALYZER_NONNULL = YES;
				CLANG_ANALYZER_NUMBER_OBJECT_CONVERSION = YES_AGGRESSIVE;
				CLANG_CXX_LANGUAGE_STANDARD = "gnu++14";
				CLANG_CXX_LIBRARY = "libc++";
				CLANG_ENABLE_MODULES = YES;
				CLANG_ENABLE_OBJC_ARC = YES;
				CLANG_ENABLE_OBJC_WEAK = YES;
				CLANG_WARN_BLOCK_CAPTURE_AUTORELEASING = YES;
				CLANG_WARN_BOOL_CONVERSION = YES;
				CLANG_WARN_COMMA = YES;
				CLANG_WARN_CONSTANT_CONVERSION = YES;
				CLANG_WARN_DEPRECATED_OBJC_IMPLEMENTATIONS = YES;
				CLANG_WARN_DIRECT_OBJC_ISA_USAGE = YES_ERROR;
				CLANG_WARN_DOCUMENTATION_COMMENTS = YES;
				CLANG_WARN_EMPTY_BODY = YES;
				CLANG_WARN_ENUM_CONVERSION = YES;
				CLANG_WARN_INFINITE_RECURSION = YES;
				CLANG_WARN_INT_CONVERSION = YES;
				CLANG_WARN_NON_LITERAL_NULL_CONVERSION = YES;
				CLANG_WARN_OBJC_IMPLICIT_RETAIN_SELF = YES;
				CLANG_WARN_OBJC_LITERAL_CONVERSION = YES;
				CLANG_WARN_OBJC_ROOT_CLASS = YES_ERROR;
				CLANG_WARN_RANGE_LOOP_ANALYSIS = YES;
				CLANG_WARN_STRICT_PROTOTYPES = YES;
				CLANG_WARN_SUSPICIOUS_MOVE = YES;
				CLANG_WARN_UNGUARDED_AVAILABILITY = YES_AGGRESSIVE;
				CLANG_WARN_UNREACHABLE_CODE = YES;
				CLANG_WARN__DUPLICATE_METHOD_MATCH = YES;
				CODE_SIGN_IDENTITY = "iPhone Developer";
				COPY_PHASE_STRIP = NO;
				DEBUG_INFORMATION_FORMAT = "dwarf-with-dsym";
				ENABLE_NS_ASSERTIONS = NO;
				ENABLE_STRICT_OBJC_MSGSEND = YES;
				GCC_C_LANGUAGE_STANDARD = gnu11;
				GCC_NO_COMMON_BLOCKS = YES;
				GCC_WARN_64_TO_32_BIT_CONVERSION = YES;
				GCC_WARN_ABOUT_RETURN_TYPE = YES_ERROR;
				GCC_WARN_UNDECLARED_SELECTOR = YES;
				GCC_WARN_UNINITIALIZED_AUTOS = YES_AGGRESSIVE;
				GCC_WARN_UNUSED_FUNCTION = YES;
				GCC_WARN_UNUSED_VARIABLE = YES;
				IPHONEOS_DEPLOYMENT_TARGET = 12.2;
				MTL_ENABLE_DEBUG_INFO = NO;
				MTL_FAST_MATH = YES;
				SDKROOT = iphoneos;
				SWIFT_COMPILATION_MODE = wholemodule;
				SWIFT_OPTIMIZATION_LEVEL = "-O";
				VALIDATE_PRODUCT = YES;
			};
			name = Release;
		};
		2BF8E21F22C56ABD004D3C2E /* Debug */ = {
			isa = XCBuildConfiguration;
			baseConfigurationReference = A0FEB2E2C9595EC063D858C1 /* Pods-Threee.debug.xcconfig */;
			buildSettings = {
				ASSETCATALOG_COMPILER_APPICON_NAME = AppIcon;
				CODE_SIGN_STYLE = Automatic;
				DEVELOPMENT_TEAM = VA7DWMQ39T;
				INFOPLIST_FILE = Threee/Info.plist;
				LD_RUNPATH_SEARCH_PATHS = (
					"$(inherited)",
					"@executable_path/Frameworks",
				);
				PRODUCT_BUNDLE_IDENTIFIER = com.paulocardosob.Threee;
				PRODUCT_NAME = "$(TARGET_NAME)";
				SWIFT_VERSION = 5.0;
				TARGETED_DEVICE_FAMILY = "1,2";
			};
			name = Debug;
		};
		2BF8E22022C56ABD004D3C2E /* Release */ = {
			isa = XCBuildConfiguration;
			baseConfigurationReference = A9CD105C7FCE6C39C6C56C93 /* Pods-Threee.release.xcconfig */;
			buildSettings = {
				ASSETCATALOG_COMPILER_APPICON_NAME = AppIcon;
				CODE_SIGN_STYLE = Automatic;
				DEVELOPMENT_TEAM = VA7DWMQ39T;
				INFOPLIST_FILE = Threee/Info.plist;
				LD_RUNPATH_SEARCH_PATHS = (
					"$(inherited)",
					"@executable_path/Frameworks",
				);
				PRODUCT_BUNDLE_IDENTIFIER = com.paulocardosob.Threee;
				PRODUCT_NAME = "$(TARGET_NAME)";
				SWIFT_VERSION = 5.0;
				TARGETED_DEVICE_FAMILY = "1,2";
			};
			name = Release;
		};
		2BF8E22222C56ABD004D3C2E /* Debug */ = {
			isa = XCBuildConfiguration;
			baseConfigurationReference = 8E6D5E5A51A51EB77FA5624E /* Pods-ThreeeTests.debug.xcconfig */;
			buildSettings = {
				ALWAYS_EMBED_SWIFT_STANDARD_LIBRARIES = YES;
				BUNDLE_LOADER = "$(TEST_HOST)";
				CODE_SIGN_STYLE = Automatic;
				DEVELOPMENT_TEAM = VA7DWMQ39T;
				INFOPLIST_FILE = ThreeeTests/Info.plist;
				LD_RUNPATH_SEARCH_PATHS = (
					"$(inherited)",
					"@executable_path/Frameworks",
					"@loader_path/Frameworks",
				);
				PRODUCT_BUNDLE_IDENTIFIER = com.paulocardosob.ThreeeTests;
				PRODUCT_NAME = "$(TARGET_NAME)";
				SWIFT_VERSION = 5.0;
				TARGETED_DEVICE_FAMILY = "1,2";
				TEST_HOST = "$(BUILT_PRODUCTS_DIR)/Threee.app/Threee";
			};
			name = Debug;
		};
		2BF8E22322C56ABD004D3C2E /* Release */ = {
			isa = XCBuildConfiguration;
			baseConfigurationReference = CB2382A175A965FB0F2B8BBD /* Pods-ThreeeTests.release.xcconfig */;
			buildSettings = {
				ALWAYS_EMBED_SWIFT_STANDARD_LIBRARIES = YES;
				BUNDLE_LOADER = "$(TEST_HOST)";
				CODE_SIGN_STYLE = Automatic;
				DEVELOPMENT_TEAM = VA7DWMQ39T;
				INFOPLIST_FILE = ThreeeTests/Info.plist;
				LD_RUNPATH_SEARCH_PATHS = (
					"$(inherited)",
					"@executable_path/Frameworks",
					"@loader_path/Frameworks",
				);
				PRODUCT_BUNDLE_IDENTIFIER = com.paulocardosob.ThreeeTests;
				PRODUCT_NAME = "$(TARGET_NAME)";
				SWIFT_VERSION = 5.0;
				TARGETED_DEVICE_FAMILY = "1,2";
				TEST_HOST = "$(BUILT_PRODUCTS_DIR)/Threee.app/Threee";
			};
			name = Release;
		};
		2BF8E22522C56ABD004D3C2E /* Debug */ = {
			isa = XCBuildConfiguration;
			baseConfigurationReference = 2F81AE727295FD91D43D1417 /* Pods-ThreeeUITests.debug.xcconfig */;
			buildSettings = {
				ALWAYS_EMBED_SWIFT_STANDARD_LIBRARIES = YES;
				CODE_SIGN_STYLE = Automatic;
				DEVELOPMENT_TEAM = VA7DWMQ39T;
				INFOPLIST_FILE = ThreeeUITests/Info.plist;
				LD_RUNPATH_SEARCH_PATHS = (
					"$(inherited)",
					"@executable_path/Frameworks",
					"@loader_path/Frameworks",
				);
				PRODUCT_BUNDLE_IDENTIFIER = com.paulocardosob.ThreeeUITests;
				PRODUCT_NAME = "$(TARGET_NAME)";
				SWIFT_VERSION = 5.0;
				TARGETED_DEVICE_FAMILY = "1,2";
				TEST_TARGET_NAME = Threee;
			};
			name = Debug;
		};
		2BF8E22622C56ABD004D3C2E /* Release */ = {
			isa = XCBuildConfiguration;
			baseConfigurationReference = 1B27DC82C5926521508C2E46 /* Pods-ThreeeUITests.release.xcconfig */;
			buildSettings = {
				ALWAYS_EMBED_SWIFT_STANDARD_LIBRARIES = YES;
				CODE_SIGN_STYLE = Automatic;
				DEVELOPMENT_TEAM = VA7DWMQ39T;
				INFOPLIST_FILE = ThreeeUITests/Info.plist;
				LD_RUNPATH_SEARCH_PATHS = (
					"$(inherited)",
					"@executable_path/Frameworks",
					"@loader_path/Frameworks",
				);
				PRODUCT_BUNDLE_IDENTIFIER = com.paulocardosob.ThreeeUITests;
				PRODUCT_NAME = "$(TARGET_NAME)";
				SWIFT_VERSION = 5.0;
				TARGETED_DEVICE_FAMILY = "1,2";
				TEST_TARGET_NAME = Threee;
			};
			name = Release;
		};
/* End XCBuildConfiguration section */

/* Begin XCConfigurationList section */
		2BF8E1F122C56ABB004D3C2E /* Build configuration list for PBXProject "Threee" */ = {
			isa = XCConfigurationList;
			buildConfigurations = (
				2BF8E21C22C56ABD004D3C2E /* Debug */,
				2BF8E21D22C56ABD004D3C2E /* Release */,
			);
			defaultConfigurationIsVisible = 0;
			defaultConfigurationName = Release;
		};
		2BF8E21E22C56ABD004D3C2E /* Build configuration list for PBXNativeTarget "Threee" */ = {
			isa = XCConfigurationList;
			buildConfigurations = (
				2BF8E21F22C56ABD004D3C2E /* Debug */,
				2BF8E22022C56ABD004D3C2E /* Release */,
			);
			defaultConfigurationIsVisible = 0;
			defaultConfigurationName = Release;
		};
		2BF8E22122C56ABD004D3C2E /* Build configuration list for PBXNativeTarget "ThreeeTests" */ = {
			isa = XCConfigurationList;
			buildConfigurations = (
				2BF8E22222C56ABD004D3C2E /* Debug */,
				2BF8E22322C56ABD004D3C2E /* Release */,
			);
			defaultConfigurationIsVisible = 0;
			defaultConfigurationName = Release;
		};
		2BF8E22422C56ABD004D3C2E /* Build configuration list for PBXNativeTarget "ThreeeUITests" */ = {
			isa = XCConfigurationList;
			buildConfigurations = (
				2BF8E22522C56ABD004D3C2E /* Debug */,
				2BF8E22622C56ABD004D3C2E /* Release */,
			);
			defaultConfigurationIsVisible = 0;
			defaultConfigurationName = Release;
		};
/* End XCConfigurationList section */
	};
	rootObject = 2BF8E1EE22C56ABB004D3C2E /* Project object */;
}
